// !$*UTF8*$!
{
	archiveVersion = 1;
	classes = {
	};
	objectVersion = 50;
	objects = {

/* Begin PBXBuildFile section */
		3D2ECB3B29101CBC0079C163 /* PerfilController.swift in Sources */ = {isa = PBXBuildFile; fileRef = 3D2ECB3A29101CBC0079C163 /* PerfilController.swift */; };
		3D2ECB3D29101E3B0079C163 /* ActualizarPController.swift in Sources */ = {isa = PBXBuildFile; fileRef = 3D2ECB3C29101E3B0079C163 /* ActualizarPController.swift */; };
		3D5AFA06290C1B0400A338C4 /* AppDelegate.swift in Sources */ = {isa = PBXBuildFile; fileRef = 3D5AFA05290C1B0400A338C4 /* AppDelegate.swift */; };
		3D5AFA08290C1B0400A338C4 /* SceneDelegate.swift in Sources */ = {isa = PBXBuildFile; fileRef = 3D5AFA07290C1B0400A338C4 /* SceneDelegate.swift */; };
		3D5AFA0D290C1B0400A338C4 /* Main.storyboard in Resources */ = {isa = PBXBuildFile; fileRef = 3D5AFA0B290C1B0400A338C4 /* Main.storyboard */; };
		3D5AFA0F290C1B0600A338C4 /* Assets.xcassets in Resources */ = {isa = PBXBuildFile; fileRef = 3D5AFA0E290C1B0600A338C4 /* Assets.xcassets */; };
		3D5AFA12290C1B0600A338C4 /* LaunchScreen.storyboard in Resources */ = {isa = PBXBuildFile; fileRef = 3D5AFA10290C1B0600A338C4 /* LaunchScreen.storyboard */; };
		3D5AFA1D290C1B0700A338C4 /* Proyecto_3Tests.swift in Sources */ = {isa = PBXBuildFile; fileRef = 3D5AFA1C290C1B0700A338C4 /* Proyecto_3Tests.swift */; };
		3D5AFA28290C1B0700A338C4 /* Proyecto_3UITests.swift in Sources */ = {isa = PBXBuildFile; fileRef = 3D5AFA27290C1B0700A338C4 /* Proyecto_3UITests.swift */; };
		FB768EC72912B5B900156F61 /* Horario.swift in Sources */ = {isa = PBXBuildFile; fileRef = FB768EC62912B5B900156F61 /* Horario.swift */; };
		FB768EC92912B62800156F61 /* HorarioController.swift in Sources */ = {isa = PBXBuildFile; fileRef = FB768EC82912B62800156F61 /* HorarioController.swift */; };
		FB768ECC2912B76000156F61 /* CeldaHorarioController.swift in Sources */ = {isa = PBXBuildFile; fileRef = FB768ECB2912B76000156F61 /* CeldaHorarioController.swift */; };
		FB768ECF2912BD1B00156F61 /* MenuController.swift in Sources */ = {isa = PBXBuildFile; fileRef = FB768ECE2912BD1B00156F61 /* MenuController.swift */; };
		FB768ED22912BD3100156F61 /* CeldaMenuController.swift in Sources */ = {isa = PBXBuildFile; fileRef = FB768ED12912BD3100156F61 /* CeldaMenuController.swift */; };
		FB768ED42912BD3A00156F61 /* Menu.swift in Sources */ = {isa = PBXBuildFile; fileRef = FB768ED32912BD3A00156F61 /* Menu.swift */; };
		FB768ED72912C62A00156F61 /* PagoController.swift in Sources */ = {isa = PBXBuildFile; fileRef = FB768ED62912C62A00156F61 /* PagoController.swift */; };
		FB768ED92912C64100156F61 /* CeldaPagoController.swift in Sources */ = {isa = PBXBuildFile; fileRef = FB768ED82912C64100156F61 /* CeldaPagoController.swift */; };
		FB768EDB2912C65000156F61 /* Pago.swift in Sources */ = {isa = PBXBuildFile; fileRef = FB768EDA2912C65000156F61 /* Pago.swift */; };
		FBB626D229140597000D914A /* Pagos.swift in Sources */ = {isa = PBXBuildFile; fileRef = FBB626D129140597000D914A /* Pagos.swift */; };
		FBB626D4291405D9000D914A /* CeldaPagosController.swift in Sources */ = {isa = PBXBuildFile; fileRef = FBB626D3291405D9000D914A /* CeldaPagosController.swift */; };
		FBC0C8F3291175A300057EE1 /* Contacto.swift in Sources */ = {isa = PBXBuildFile; fileRef = FBC0C8F2291175A300057EE1 /* Contacto.swift */; };
		FBC0C8F529117CB000057EE1 /* HomeController.swift in Sources */ = {isa = PBXBuildFile; fileRef = FBC0C8F429117CB000057EE1 /* HomeController.swift */; };
/* End PBXBuildFile section */

/* Begin PBXContainerItemProxy section */
		3D5AFA19290C1B0700A338C4 /* PBXContainerItemProxy */ = {
			isa = PBXContainerItemProxy;
			containerPortal = 3D5AF9FA290C1B0400A338C4 /* Project object */;
			proxyType = 1;
			remoteGlobalIDString = 3D5AFA01290C1B0400A338C4;
			remoteInfo = Proyecto_3;
		};
		3D5AFA24290C1B0700A338C4 /* PBXContainerItemProxy */ = {
			isa = PBXContainerItemProxy;
			containerPortal = 3D5AF9FA290C1B0400A338C4 /* Project object */;
			proxyType = 1;
			remoteGlobalIDString = 3D5AFA01290C1B0400A338C4;
			remoteInfo = Proyecto_3;
		};
/* End PBXContainerItemProxy section */

/* Begin PBXFileReference section */
		3D2ECB3A29101CBC0079C163 /* PerfilController.swift */ = {isa = PBXFileReference; lastKnownFileType = sourcecode.swift; path = PerfilController.swift; sourceTree = "<group>"; };
		3D2ECB3C29101E3B0079C163 /* ActualizarPController.swift */ = {isa = PBXFileReference; lastKnownFileType = sourcecode.swift; path = ActualizarPController.swift; sourceTree = "<group>"; };
		3D5AFA02290C1B0400A338C4 /* SL School.app */ = {isa = PBXFileReference; explicitFileType = wrapper.application; includeInIndex = 0; path = "SL School.app"; sourceTree = BUILT_PRODUCTS_DIR; };
		3D5AFA05290C1B0400A338C4 /* AppDelegate.swift */ = {isa = PBXFileReference; lastKnownFileType = sourcecode.swift; path = AppDelegate.swift; sourceTree = "<group>"; };
		3D5AFA07290C1B0400A338C4 /* SceneDelegate.swift */ = {isa = PBXFileReference; lastKnownFileType = sourcecode.swift; path = SceneDelegate.swift; sourceTree = "<group>"; };
		3D5AFA0C290C1B0400A338C4 /* Base */ = {isa = PBXFileReference; lastKnownFileType = file.storyboard; name = Base; path = Base.lproj/Main.storyboard; sourceTree = "<group>"; };
		3D5AFA0E290C1B0600A338C4 /* Assets.xcassets */ = {isa = PBXFileReference; lastKnownFileType = folder.assetcatalog; path = Assets.xcassets; sourceTree = "<group>"; };
		3D5AFA11290C1B0600A338C4 /* Base */ = {isa = PBXFileReference; lastKnownFileType = file.storyboard; name = Base; path = Base.lproj/LaunchScreen.storyboard; sourceTree = "<group>"; };
		3D5AFA13290C1B0600A338C4 /* Info.plist */ = {isa = PBXFileReference; lastKnownFileType = text.plist.xml; path = Info.plist; sourceTree = "<group>"; };
		3D5AFA18290C1B0700A338C4 /* Proyecto_3Tests.xctest */ = {isa = PBXFileReference; explicitFileType = wrapper.cfbundle; includeInIndex = 0; path = Proyecto_3Tests.xctest; sourceTree = BUILT_PRODUCTS_DIR; };
		3D5AFA1C290C1B0700A338C4 /* Proyecto_3Tests.swift */ = {isa = PBXFileReference; lastKnownFileType = sourcecode.swift; path = Proyecto_3Tests.swift; sourceTree = "<group>"; };
		3D5AFA1E290C1B0700A338C4 /* Info.plist */ = {isa = PBXFileReference; lastKnownFileType = text.plist.xml; path = Info.plist; sourceTree = "<group>"; };
		3D5AFA23290C1B0700A338C4 /* Proyecto_3UITests.xctest */ = {isa = PBXFileReference; explicitFileType = wrapper.cfbundle; includeInIndex = 0; path = Proyecto_3UITests.xctest; sourceTree = BUILT_PRODUCTS_DIR; };
		3D5AFA27290C1B0700A338C4 /* Proyecto_3UITests.swift */ = {isa = PBXFileReference; lastKnownFileType = sourcecode.swift; path = Proyecto_3UITests.swift; sourceTree = "<group>"; };
		3D5AFA29290C1B0700A338C4 /* Info.plist */ = {isa = PBXFileReference; lastKnownFileType = text.plist.xml; path = Info.plist; sourceTree = "<group>"; };
		FB768EC62912B5B900156F61 /* Horario.swift */ = {isa = PBXFileReference; lastKnownFileType = sourcecode.swift; path = Horario.swift; sourceTree = "<group>"; };
		FB768EC82912B62800156F61 /* HorarioController.swift */ = {isa = PBXFileReference; lastKnownFileType = sourcecode.swift; path = HorarioController.swift; sourceTree = "<group>"; };
		FB768ECB2912B76000156F61 /* CeldaHorarioController.swift */ = {isa = PBXFileReference; lastKnownFileType = sourcecode.swift; path = CeldaHorarioController.swift; sourceTree = "<group>"; };
		FB768ECE2912BD1B00156F61 /* MenuController.swift */ = {isa = PBXFileReference; lastKnownFileType = sourcecode.swift; path = MenuController.swift; sourceTree = "<group>"; };
		FB768ED12912BD3100156F61 /* CeldaMenuController.swift */ = {isa = PBXFileReference; lastKnownFileType = sourcecode.swift; path = CeldaMenuController.swift; sourceTree = "<group>"; };
		FB768ED32912BD3A00156F61 /* Menu.swift */ = {isa = PBXFileReference; lastKnownFileType = sourcecode.swift; path = Menu.swift; sourceTree = "<group>"; };
		FB768ED62912C62A00156F61 /* PagoController.swift */ = {isa = PBXFileReference; lastKnownFileType = sourcecode.swift; path = PagoController.swift; sourceTree = "<group>"; };
		FB768ED82912C64100156F61 /* CeldaPagoController.swift */ = {isa = PBXFileReference; lastKnownFileType = sourcecode.swift; path = CeldaPagoController.swift; sourceTree = "<group>"; };
		FB768EDA2912C65000156F61 /* Pago.swift */ = {isa = PBXFileReference; lastKnownFileType = sourcecode.swift; path = Pago.swift; sourceTree = "<group>"; };
		FBB626D129140597000D914A /* Pagos.swift */ = {isa = PBXFileReference; lastKnownFileType = sourcecode.swift; path = Pagos.swift; sourceTree = "<group>"; };
		FBB626D3291405D9000D914A /* CeldaPagosController.swift */ = {isa = PBXFileReference; lastKnownFileType = sourcecode.swift; path = CeldaPagosController.swift; sourceTree = "<group>"; };
		FBC0C8F2291175A300057EE1 /* Contacto.swift */ = {isa = PBXFileReference; lastKnownFileType = sourcecode.swift; path = Contacto.swift; sourceTree = "<group>"; };
		FBC0C8F429117CB000057EE1 /* HomeController.swift */ = {isa = PBXFileReference; lastKnownFileType = sourcecode.swift; path = HomeController.swift; sourceTree = "<group>"; };
/* End PBXFileReference section */

/* Begin PBXFrameworksBuildPhase section */
		3D5AF9FF290C1B0400A338C4 /* Frameworks */ = {
			isa = PBXFrameworksBuildPhase;
			buildActionMask = 2147483647;
			files = (
			);
			runOnlyForDeploymentPostprocessing = 0;
		};
		3D5AFA15290C1B0700A338C4 /* Frameworks */ = {
			isa = PBXFrameworksBuildPhase;
			buildActionMask = 2147483647;
			files = (
			);
			runOnlyForDeploymentPostprocessing = 0;
		};
		3D5AFA20290C1B0700A338C4 /* Frameworks */ = {
			isa = PBXFrameworksBuildPhase;
			buildActionMask = 2147483647;
			files = (
			);
			runOnlyForDeploymentPostprocessing = 0;
		};
/* End PBXFrameworksBuildPhase section */

/* Begin PBXGroup section */
		3D5AF9F9290C1B0400A338C4 = {
			isa = PBXGroup;
			children = (
				3D5AFA04290C1B0400A338C4 /* Proyecto_3 */,
				3D5AFA1B290C1B0700A338C4 /* Proyecto_3Tests */,
				3D5AFA26290C1B0700A338C4 /* Proyecto_3UITests */,
				3D5AFA03290C1B0400A338C4 /* Products */,
			);
			sourceTree = "<group>";
		};
		3D5AFA03290C1B0400A338C4 /* Products */ = {
			isa = PBXGroup;
			children = (
				3D5AFA02290C1B0400A338C4 /* SL School.app */,
				3D5AFA18290C1B0700A338C4 /* Proyecto_3Tests.xctest */,
				3D5AFA23290C1B0700A338C4 /* Proyecto_3UITests.xctest */,
			);
			name = Products;
			sourceTree = "<group>";
		};
		3D5AFA04290C1B0400A338C4 /* Proyecto_3 */ = {
			isa = PBXGroup;
			children = (
				3D5AFA38290C1B7D00A338C4 /* Delegue */,
				3D5AFA36290C1B4500A338C4 /* Assetes */,
				3D5AFA35290C1B2F00A338C4 /* Vistas */,
				3D5AFA37290C1B5A00A338C4 /* Controllers */,
				FBC0C8F12911758800057EE1 /* Modelo */,
			);
			path = Proyecto_3;
			sourceTree = "<group>";
		};
		3D5AFA1B290C1B0700A338C4 /* Proyecto_3Tests */ = {
			isa = PBXGroup;
			children = (
				3D5AFA1C290C1B0700A338C4 /* Proyecto_3Tests.swift */,
				3D5AFA1E290C1B0700A338C4 /* Info.plist */,
			);
			path = Proyecto_3Tests;
			sourceTree = "<group>";
		};
		3D5AFA26290C1B0700A338C4 /* Proyecto_3UITests */ = {
			isa = PBXGroup;
			children = (
				3D5AFA27290C1B0700A338C4 /* Proyecto_3UITests.swift */,
				3D5AFA29290C1B0700A338C4 /* Info.plist */,
			);
			path = Proyecto_3UITests;
			sourceTree = "<group>";
		};
		3D5AFA35290C1B2F00A338C4 /* Vistas */ = {
			isa = PBXGroup;
			children = (
				3D5AFA0B290C1B0400A338C4 /* Main.storyboard */,
				3D5AFA10290C1B0600A338C4 /* LaunchScreen.storyboard */,
			);
			name = Vistas;
			sourceTree = "<group>";
		};
		3D5AFA36290C1B4500A338C4 /* Assetes */ = {
			isa = PBXGroup;
			children = (
				3D5AFA13290C1B0600A338C4 /* Info.plist */,
				3D5AFA0E290C1B0600A338C4 /* Assets.xcassets */,
			);
			name = Assetes;
			sourceTree = "<group>";
		};
		3D5AFA37290C1B5A00A338C4 /* Controllers */ = {
			isa = PBXGroup;
			children = (
				FBC0C8F429117CB000057EE1 /* HomeController.swift */,
				FB768EC52912B56300156F61 /* Perfil */,
				FB768ECA2912B74600156F61 /* Horario */,
				FB768ECD2912BCF200156F61 /* Menu */,
				FB768ED52912C56A00156F61 /* Pagos */,
			);
			name = Controllers;
			sourceTree = "<group>";
		};
		3D5AFA38290C1B7D00A338C4 /* Delegue */ = {
			isa = PBXGroup;
			children = (
				3D5AFA05290C1B0400A338C4 /* AppDelegate.swift */,
				3D5AFA07290C1B0400A338C4 /* SceneDelegate.swift */,
			);
			name = Delegue;
			sourceTree = "<group>";
		};
		FB768EC52912B56300156F61 /* Perfil */ = {
			isa = PBXGroup;
			children = (
				3D2ECB3A29101CBC0079C163 /* PerfilController.swift */,
				3D2ECB3C29101E3B0079C163 /* ActualizarPController.swift */,
			);
			name = Perfil;
			sourceTree = "<group>";
		};
		FB768ECA2912B74600156F61 /* Horario */ = {
			isa = PBXGroup;
			children = (
				FB768EC82912B62800156F61 /* HorarioController.swift */,
				FB768ECB2912B76000156F61 /* CeldaHorarioController.swift */,
			);
			name = Horario;
			sourceTree = "<group>";
		};
		FB768ECD2912BCF200156F61 /* Menu */ = {
			isa = PBXGroup;
			children = (
				FB768ECE2912BD1B00156F61 /* MenuController.swift */,
				FB768ED12912BD3100156F61 /* CeldaMenuController.swift */,
			);
			name = Menu;
			sourceTree = "<group>";
		};
		FB768ED52912C56A00156F61 /* Pagos */ = {
			isa = PBXGroup;
			children = (
				FB768ED62912C62A00156F61 /* PagoController.swift */,
				FB768ED82912C64100156F61 /* CeldaPagoController.swift */,
				FBB626D3291405D9000D914A /* CeldaPagosController.swift */,
			);
			name = Pagos;
			sourceTree = "<group>";
		};
		FBC0C8F12911758800057EE1 /* Modelo */ = {
			isa = PBXGroup;
			children = (
				FBC0C8F2291175A300057EE1 /* Contacto.swift */,
				FB768EC62912B5B900156F61 /* Horario.swift */,
				FB768ED32912BD3A00156F61 /* Menu.swift */,
				FB768EDA2912C65000156F61 /* Pago.swift */,
				FBB626D129140597000D914A /* Pagos.swift */,
			);
			name = Modelo;
			sourceTree = "<group>";
		};
/* End PBXGroup section */

/* Begin PBXNativeTarget section */
		3D5AFA01290C1B0400A338C4 /* Proyecto_3 */ = {
			isa = PBXNativeTarget;
			buildConfigurationList = 3D5AFA2C290C1B0700A338C4 /* Build configuration list for PBXNativeTarget "Proyecto_3" */;
			buildPhases = (
				3D5AF9FE290C1B0400A338C4 /* Sources */,
				3D5AF9FF290C1B0400A338C4 /* Frameworks */,
				3D5AFA00290C1B0400A338C4 /* Resources */,
			);
			buildRules = (
			);
			dependencies = (
			);
			name = Proyecto_3;
			productName = Proyecto_3;
			productReference = 3D5AFA02290C1B0400A338C4 /* SL School.app */;
			productType = "com.apple.product-type.application";
		};
		3D5AFA17290C1B0700A338C4 /* Proyecto_3Tests */ = {
			isa = PBXNativeTarget;
			buildConfigurationList = 3D5AFA2F290C1B0700A338C4 /* Build configuration list for PBXNativeTarget "Proyecto_3Tests" */;
			buildPhases = (
				3D5AFA14290C1B0700A338C4 /* Sources */,
				3D5AFA15290C1B0700A338C4 /* Frameworks */,
				3D5AFA16290C1B0700A338C4 /* Resources */,
			);
			buildRules = (
			);
			dependencies = (
				3D5AFA1A290C1B0700A338C4 /* PBXTargetDependency */,
			);
			name = Proyecto_3Tests;
			productName = Proyecto_3Tests;
			productReference = 3D5AFA18290C1B0700A338C4 /* Proyecto_3Tests.xctest */;
			productType = "com.apple.product-type.bundle.unit-test";
		};
		3D5AFA22290C1B0700A338C4 /* Proyecto_3UITests */ = {
			isa = PBXNativeTarget;
			buildConfigurationList = 3D5AFA32290C1B0700A338C4 /* Build configuration list for PBXNativeTarget "Proyecto_3UITests" */;
			buildPhases = (
				3D5AFA1F290C1B0700A338C4 /* Sources */,
				3D5AFA20290C1B0700A338C4 /* Frameworks */,
				3D5AFA21290C1B0700A338C4 /* Resources */,
			);
			buildRules = (
			);
			dependencies = (
				3D5AFA25290C1B0700A338C4 /* PBXTargetDependency */,
			);
			name = Proyecto_3UITests;
			productName = Proyecto_3UITests;
			productReference = 3D5AFA23290C1B0700A338C4 /* Proyecto_3UITests.xctest */;
			productType = "com.apple.product-type.bundle.ui-testing";
		};
/* End PBXNativeTarget section */

/* Begin PBXProject section */
		3D5AF9FA290C1B0400A338C4 /* Project object */ = {
			isa = PBXProject;
			attributes = {
				LastSwiftUpdateCheck = 1130;
				LastUpgradeCheck = 1130;
				ORGANIZATIONNAME = Alumno;
				TargetAttributes = {
					3D5AFA01290C1B0400A338C4 = {
						CreatedOnToolsVersion = 11.3.1;
					};
					3D5AFA17290C1B0700A338C4 = {
						CreatedOnToolsVersion = 11.3.1;
						TestTargetID = 3D5AFA01290C1B0400A338C4;
					};
					3D5AFA22290C1B0700A338C4 = {
						CreatedOnToolsVersion = 11.3.1;
						TestTargetID = 3D5AFA01290C1B0400A338C4;
					};
				};
			};
			buildConfigurationList = 3D5AF9FD290C1B0400A338C4 /* Build configuration list for PBXProject "Proyecto_3" */;
			compatibilityVersion = "Xcode 9.3";
			developmentRegion = en;
			hasScannedForEncodings = 0;
			knownRegions = (
				en,
				Base,
			);
			mainGroup = 3D5AF9F9290C1B0400A338C4;
			productRefGroup = 3D5AFA03290C1B0400A338C4 /* Products */;
			projectDirPath = "";
			projectRoot = "";
			targets = (
				3D5AFA01290C1B0400A338C4 /* Proyecto_3 */,
				3D5AFA17290C1B0700A338C4 /* Proyecto_3Tests */,
				3D5AFA22290C1B0700A338C4 /* Proyecto_3UITests */,
			);
		};
/* End PBXProject section */

/* Begin PBXResourcesBuildPhase section */
		3D5AFA00290C1B0400A338C4 /* Resources */ = {
			isa = PBXResourcesBuildPhase;
			buildActionMask = 2147483647;
			files = (
				3D5AFA12290C1B0600A338C4 /* LaunchScreen.storyboard in Resources */,
				3D5AFA0F290C1B0600A338C4 /* Assets.xcassets in Resources */,
				3D5AFA0D290C1B0400A338C4 /* Main.storyboard in Resources */,
			);
			runOnlyForDeploymentPostprocessing = 0;
		};
		3D5AFA16290C1B0700A338C4 /* Resources */ = {
			isa = PBXResourcesBuildPhase;
			buildActionMask = 2147483647;
			files = (
			);
			runOnlyForDeploymentPostprocessing = 0;
		};
		3D5AFA21290C1B0700A338C4 /* Resources */ = {
			isa = PBXResourcesBuildPhase;
			buildActionMask = 2147483647;
			files = (
			);
			runOnlyForDeploymentPostprocessing = 0;
		};
/* End PBXResourcesBuildPhase section */

/* Begin PBXSourcesBuildPhase section */
		3D5AF9FE290C1B0400A338C4 /* Sources */ = {
			isa = PBXSourcesBuildPhase;
			buildActionMask = 2147483647;
			files = (
				FBB626D229140597000D914A /* Pagos.swift in Sources */,
				FB768ECF2912BD1B00156F61 /* MenuController.swift in Sources */,
				FB768ED22912BD3100156F61 /* CeldaMenuController.swift in Sources */,
				FB768ED72912C62A00156F61 /* PagoController.swift in Sources */,
				FBB626D4291405D9000D914A /* CeldaPagosController.swift in Sources */,
				FB768ED92912C64100156F61 /* CeldaPagoController.swift in Sources */,
				3D2ECB3D29101E3B0079C163 /* ActualizarPController.swift in Sources */,
				FBC0C8F3291175A300057EE1 /* Contacto.swift in Sources */,
				FB768EC92912B62800156F61 /* HorarioController.swift in Sources */,
				FB768ECC2912B76000156F61 /* CeldaHorarioController.swift in Sources */,
				FB768ED42912BD3A00156F61 /* Menu.swift in Sources */,
				FB768EC72912B5B900156F61 /* Horario.swift in Sources */,
				FBC0C8F529117CB000057EE1 /* HomeController.swift in Sources */,
				3D5AFA06290C1B0400A338C4 /* AppDelegate.swift in Sources */,
				3D5AFA08290C1B0400A338C4 /* SceneDelegate.swift in Sources */,
				3D2ECB3B29101CBC0079C163 /* PerfilController.swift in Sources */,
				FB768EDB2912C65000156F61 /* Pago.swift in Sources */,
			);
			runOnlyForDeploymentPostprocessing = 0;
		};
		3D5AFA14290C1B0700A338C4 /* Sources */ = {
			isa = PBXSourcesBuildPhase;
			buildActionMask = 2147483647;
			files = (
				3D5AFA1D290C1B0700A338C4 /* Proyecto_3Tests.swift in Sources */,
			);
			runOnlyForDeploymentPostprocessing = 0;
		};
		3D5AFA1F290C1B0700A338C4 /* Sources */ = {
			isa = PBXSourcesBuildPhase;
			buildActionMask = 2147483647;
			files = (
				3D5AFA28290C1B0700A338C4 /* Proyecto_3UITests.swift in Sources */,
			);
			runOnlyForDeploymentPostprocessing = 0;
		};
/* End PBXSourcesBuildPhase section */

/* Begin PBXTargetDependency section */
		3D5AFA1A290C1B0700A338C4 /* PBXTargetDependency */ = {
			isa = PBXTargetDependency;
			target = 3D5AFA01290C1B0400A338C4 /* Proyecto_3 */;
			targetProxy = 3D5AFA19290C1B0700A338C4 /* PBXContainerItemProxy */;
		};
		3D5AFA25290C1B0700A338C4 /* PBXTargetDependency */ = {
			isa = PBXTargetDependency;
			target = 3D5AFA01290C1B0400A338C4 /* Proyecto_3 */;
			targetProxy = 3D5AFA24290C1B0700A338C4 /* PBXContainerItemProxy */;
		};
/* End PBXTargetDependency section */

/* Begin PBXVariantGroup section */
		3D5AFA0B290C1B0400A338C4 /* Main.storyboard */ = {
			isa = PBXVariantGroup;
			children = (
				3D5AFA0C290C1B0400A338C4 /* Base */,
			);
			name = Main.storyboard;
			sourceTree = "<group>";
		};
		3D5AFA10290C1B0600A338C4 /* LaunchScreen.storyboard */ = {
			isa = PBXVariantGroup;
			children = (
				3D5AFA11290C1B0600A338C4 /* Base */,
			);
			name = LaunchScreen.storyboard;
			sourceTree = "<group>";
		};
/* End PBXVariantGroup section */

/* Begin XCBuildConfiguration section */
		3D5AFA2A290C1B0700A338C4 /* Debug */ = {
			isa = XCBuildConfiguration;
			buildSettings = {
				ALWAYS_SEARCH_USER_PATHS = NO;
				CLANG_ANALYZER_NONNULL = YES;
				CLANG_ANALYZER_NUMBER_OBJECT_CONVERSION = YES_AGGRESSIVE;
				CLANG_CXX_LANGUAGE_STANDARD = "gnu++14";
				CLANG_CXX_LIBRARY = "libc++";
				CLANG_ENABLE_MODULES = YES;
				CLANG_ENABLE_OBJC_ARC = YES;
				CLANG_ENABLE_OBJC_WEAK = YES;
				CLANG_WARN_BLOCK_CAPTURE_AUTORELEASING = YES;
				CLANG_WARN_BOOL_CONVERSION = YES;
				CLANG_WARN_COMMA = YES;
				CLANG_WARN_CONSTANT_CONVERSION = YES;
				CLANG_WARN_DEPRECATED_OBJC_IMPLEMENTATIONS = YES;
				CLANG_WARN_DIRECT_OBJC_ISA_USAGE = YES_ERROR;
				CLANG_WARN_DOCUMENTATION_COMMENTS = YES;
				CLANG_WARN_EMPTY_BODY = YES;
				CLANG_WARN_ENUM_CONVERSION = YES;
				CLANG_WARN_INFINITE_RECURSION = YES;
				CLANG_WARN_INT_CONVERSION = YES;
				CLANG_WARN_NON_LITERAL_NULL_CONVERSION = YES;
				CLANG_WARN_OBJC_IMPLICIT_RETAIN_SELF = YES;
				CLANG_WARN_OBJC_LITERAL_CONVERSION = YES;
				CLANG_WARN_OBJC_ROOT_CLASS = YES_ERROR;
				CLANG_WARN_RANGE_LOOP_ANALYSIS = YES;
				CLANG_WARN_STRICT_PROTOTYPES = YES;
				CLANG_WARN_SUSPICIOUS_MOVE = YES;
				CLANG_WARN_UNGUARDED_AVAILABILITY = YES_AGGRESSIVE;
				CLANG_WARN_UNREACHABLE_CODE = YES;
				CLANG_WARN__DUPLICATE_METHOD_MATCH = YES;
				COPY_PHASE_STRIP = NO;
				DEBUG_INFORMATION_FORMAT = dwarf;
				ENABLE_STRICT_OBJC_MSGSEND = YES;
				ENABLE_TESTABILITY = YES;
				GCC_C_LANGUAGE_STANDARD = gnu11;
				GCC_DYNAMIC_NO_PIC = NO;
				GCC_NO_COMMON_BLOCKS = YES;
				GCC_OPTIMIZATION_LEVEL = 0;
				GCC_PREPROCESSOR_DEFINITIONS = (
					"DEBUG=1",
					"$(inherited)",
				);
				GCC_WARN_64_TO_32_BIT_CONVERSION = YES;
				GCC_WARN_ABOUT_RETURN_TYPE = YES_ERROR;
				GCC_WARN_UNDECLARED_SELECTOR = YES;
				GCC_WARN_UNINITIALIZED_AUTOS = YES_AGGRESSIVE;
				GCC_WARN_UNUSED_FUNCTION = YES;
				GCC_WARN_UNUSED_VARIABLE = YES;
				IPHONEOS_DEPLOYMENT_TARGET = 13.2;
				MTL_ENABLE_DEBUG_INFO = INCLUDE_SOURCE;
				MTL_FAST_MATH = YES;
				ONLY_ACTIVE_ARCH = YES;
				SDKROOT = iphoneos;
				SWIFT_ACTIVE_COMPILATION_CONDITIONS = DEBUG;
				SWIFT_OPTIMIZATION_LEVEL = "-Onone";
			};
			name = Debug;
		};
		3D5AFA2B290C1B0700A338C4 /* Release */ = {
			isa = XCBuildConfiguration;
			buildSettings = {
				ALWAYS_SEARCH_USER_PATHS = NO;
				CLANG_ANALYZER_NONNULL = YES;
				CLANG_ANALYZER_NUMBER_OBJECT_CONVERSION = YES_AGGRESSIVE;
				CLANG_CXX_LANGUAGE_STANDARD = "gnu++14";
				CLANG_CXX_LIBRARY = "libc++";
				CLANG_ENABLE_MODULES = YES;
				CLANG_ENABLE_OBJC_ARC = YES;
				CLANG_ENABLE_OBJC_WEAK = YES;
				CLANG_WARN_BLOCK_CAPTURE_AUTORELEASING = YES;
				CLANG_WARN_BOOL_CONVERSION = YES;
				CLANG_WARN_COMMA = YES;
				CLANG_WARN_CONSTANT_CONVERSION = YES;
				CLANG_WARN_DEPRECATED_OBJC_IMPLEMENTATIONS = YES;
				CLANG_WARN_DIRECT_OBJC_ISA_USAGE = YES_ERROR;
				CLANG_WARN_DOCUMENTATION_COMMENTS = YES;
				CLANG_WARN_EMPTY_BODY = YES;
				CLANG_WARN_ENUM_CONVERSION = YES;
				CLANG_WARN_INFINITE_RECURSION = YES;
				CLANG_WARN_INT_CONVERSION = YES;
				CLANG_WARN_NON_LITERAL_NULL_CONVERSION = YES;
				CLANG_WARN_OBJC_IMPLICIT_RETAIN_SELF = YES;
				CLANG_WARN_OBJC_LITERAL_CONVERSION = YES;
				CLANG_WARN_OBJC_ROOT_CLASS = YES_ERROR;
				CLANG_WARN_RANGE_LOOP_ANALYSIS = YES;
				CLANG_WARN_STRICT_PROTOTYPES = YES;
				CLANG_WARN_SUSPICIOUS_MOVE = YES;
				CLANG_WARN_UNGUARDED_AVAILABILITY = YES_AGGRESSIVE;
				CLANG_WARN_UNREACHABLE_CODE = YES;
				CLANG_WARN__DUPLICATE_METHOD_MATCH = YES;
				COPY_PHASE_STRIP = NO;
				DEBUG_INFORMATION_FORMAT = "dwarf-with-dsym";
				ENABLE_NS_ASSERTIONS = NO;
				ENABLE_STRICT_OBJC_MSGSEND = YES;
				GCC_C_LANGUAGE_STANDARD = gnu11;
				GCC_NO_COMMON_BLOCKS = YES;
				GCC_WARN_64_TO_32_BIT_CONVERSION = YES;
				GCC_WARN_ABOUT_RETURN_TYPE = YES_ERROR;
				GCC_WARN_UNDECLARED_SELECTOR = YES;
				GCC_WARN_UNINITIALIZED_AUTOS = YES_AGGRESSIVE;
				GCC_WARN_UNUSED_FUNCTION = YES;
				GCC_WARN_UNUSED_VARIABLE = YES;
				IPHONEOS_DEPLOYMENT_TARGET = 13.2;
				MTL_ENABLE_DEBUG_INFO = NO;
				MTL_FAST_MATH = YES;
				SDKROOT = iphoneos;
				SWIFT_COMPILATION_MODE = wholemodule;
				SWIFT_OPTIMIZATION_LEVEL = "-O";
				VALIDATE_PRODUCT = YES;
			};
			name = Release;
		};
		3D5AFA2D290C1B0700A338C4 /* Debug */ = {
			isa = XCBuildConfiguration;
			buildSettings = {
				ASSETCATALOG_COMPILER_APPICON_NAME = AppIcon;
				CODE_SIGN_STYLE = Automatic;
				INFOPLIST_FILE = Proyecto_3/Info.plist;
				LD_RUNPATH_SEARCH_PATHS = (
					"$(inherited)",
					"@executable_path/Frameworks",
				);
				PRODUCT_BUNDLE_IDENTIFIER = "edu.ulsa.Proyecto-3";
				PRODUCT_NAME = "SL School";
				SWIFT_VERSION = 5.0;
				TARGETED_DEVICE_FAMILY = "1,2";
			};
			name = Debug;
		};
		3D5AFA2E290C1B0700A338C4 /* Release */ = {
			isa = XCBuildConfiguration;
			buildSettings = {
				ASSETCATALOG_COMPILER_APPICON_NAME = AppIcon;
				CODE_SIGN_STYLE = Automatic;
				INFOPLIST_FILE = Proyecto_3/Info.plist;
				LD_RUNPATH_SEARCH_PATHS = (
					"$(inherited)",
					"@executable_path/Frameworks",
				);
				PRODUCT_BUNDLE_IDENTIFIER = "edu.ulsa.Proyecto-3";
				PRODUCT_NAME = "SL School";
				SWIFT_VERSION = 5.0;
				TARGETED_DEVICE_FAMILY = "1,2";
			};
			name = Release;
		};
		3D5AFA30290C1B0700A338C4 /* Debug */ = {
			isa = XCBuildConfiguration;
			buildSettings = {
				ALWAYS_EMBED_SWIFT_STANDARD_LIBRARIES = YES;
				BUNDLE_LOADER = "$(TEST_HOST)";
				CODE_SIGN_STYLE = Automatic;
				INFOPLIST_FILE = Proyecto_3Tests/Info.plist;
				IPHONEOS_DEPLOYMENT_TARGET = 13.2;
				LD_RUNPATH_SEARCH_PATHS = (
					"$(inherited)",
					"@executable_path/Frameworks",
					"@loader_path/Frameworks",
				);
				PRODUCT_BUNDLE_IDENTIFIER = "edu.ulsa.Proyecto-3Tests";
				PRODUCT_NAME = "$(TARGET_NAME)";
				SWIFT_VERSION = 5.0;
				TARGETED_DEVICE_FAMILY = "1,2";
				TEST_HOST = "$(BUILT_PRODUCTS_DIR)/Proyecto_3.app/Proyecto_3";
			};
			name = Debug;
		};
		3D5AFA31290C1B0700A338C4 /* Release */ = {
			isa = XCBuildConfiguration;
			buildSettings = {
				ALWAYS_EMBED_SWIFT_STANDARD_LIBRARIES = YES;
				BUNDLE_LOADER = "$(TEST_HOST)";
				CODE_SIGN_STYLE = Automatic;
				INFOPLIST_FILE = Proyecto_3Tests/Info.plist;
				IPHONEOS_DEPLOYMENT_TARGET = 13.2;
				LD_RUNPATH_SEARCH_PATHS = (
					"$(inherited)",
					"@executable_path/Frameworks",
					"@loader_path/Frameworks",
				);
				PRODUCT_BUNDLE_IDENTIFIER = "edu.ulsa.Proyecto-3Tests";
				PRODUCT_NAME = "$(TARGET_NAME)";
				SWIFT_VERSION = 5.0;
				TARGETED_DEVICE_FAMILY = "1,2";
				TEST_HOST = "$(BUILT_PRODUCTS_DIR)/Proyecto_3.app/Proyecto_3";
			};
			name = Release;
		};
		3D5AFA33290C1B0700A338C4 /* Debug */ = {
			isa = XCBuildConfiguration;
			buildSettings = {
				ALWAYS_EMBED_SWIFT_STANDARD_LIBRARIES = YES;
				CODE_SIGN_STYLE = Automatic;
				INFOPLIST_FILE = Proyecto_3UITests/Info.plist;
				LD_RUNPATH_SEARCH_PATHS = (
					"$(inherited)",
					"@executable_path/Frameworks",
					"@loader_path/Frameworks",
				);
				PRODUCT_BUNDLE_IDENTIFIER = "edu.ulsa.Proyecto-3UITests";
				PRODUCT_NAME = "$(TARGET_NAME)";
				SWIFT_VERSION = 5.0;
				TARGETED_DEVICE_FAMILY = "1,2";
				TEST_TARGET_NAME = Proyecto_3;
			};
			name = Debug;
		};
		3D5AFA34290C1B0700A338C4 /* Release */ = {
			isa = XCBuildConfiguration;
			buildSettings = {
				ALWAYS_EMBED_SWIFT_STANDARD_LIBRARIES = YES;
				CODE_SIGN_STYLE = Automatic;
				INFOPLIST_FILE = Proyecto_3UITests/Info.plist;
				LD_RUNPATH_SEARCH_PATHS = (
					"$(inherited)",
					"@executable_path/Frameworks",
					"@loader_path/Frameworks",
				);
				PRODUCT_BUNDLE_IDENTIFIER = "edu.ulsa.Proyecto-3UITests";
				PRODUCT_NAME = "$(TARGET_NAME)";
				SWIFT_VERSION = 5.0;
				TARGETED_DEVICE_FAMILY = "1,2";
				TEST_TARGET_NAME = Proyecto_3;
			};
			name = Release;
		};
/* End XCBuildConfiguration section */

/* Begin XCConfigurationList section */
		3D5AF9FD290C1B0400A338C4 /* Build configuration list for PBXProject "Proyecto_3" */ = {
			isa = XCConfigurationList;
			buildConfigurations = (
				3D5AFA2A290C1B0700A338C4 /* Debug */,
				3D5AFA2B290C1B0700A338C4 /* Release */,
			);
			defaultConfigurationIsVisible = 0;
			defaultConfigurationName = Release;
		};
		3D5AFA2C290C1B0700A338C4 /* Build configuration list for PBXNativeTarget "Proyecto_3" */ = {
			isa = XCConfigurationList;
			buildConfigurations = (
				3D5AFA2D290C1B0700A338C4 /* Debug */,
				3D5AFA2E290C1B0700A338C4 /* Release */,
			);
			defaultConfigurationIsVisible = 0;
			defaultConfigurationName = Release;
		};
		3D5AFA2F290C1B0700A338C4 /* Build configuration list for PBXNativeTarget "Proyecto_3Tests" */ = {
			isa = XCConfigurationList;
			buildConfigurations = (
				3D5AFA30290C1B0700A338C4 /* Debug */,
				3D5AFA31290C1B0700A338C4 /* Release */,
			);
			defaultConfigurationIsVisible = 0;
			defaultConfigurationName = Release;
		};
		3D5AFA32290C1B0700A338C4 /* Build configuration list for PBXNativeTarget "Proyecto_3UITests" */ = {
			isa = XCConfigurationList;
			buildConfigurations = (
				3D5AFA33290C1B0700A338C4 /* Debug */,
				3D5AFA34290C1B0700A338C4 /* Release */,
			);
			defaultConfigurationIsVisible = 0;
			defaultConfigurationName = Release;
		};
/* End XCConfigurationList section */
	};
	rootObject = 3D5AF9FA290C1B0400A338C4 /* Project object */;
}
